{
  "requires": true,
  "lockfileVersion": 1,
  "dependencies": {
    "alfred-palindrome": {
      "version": "0.1.1",
      "resolved": "https://registry.npmjs.org/alfred-palindrome/-/alfred-palindrome-0.1.1.tgz",
      "integrity": "sha512-cO4xGd/EZrcYL+9MBHUzYsk5XWtXZsC8Dmg4mEit3iZ9T30Nhf6d1sjmYIxxdzGhvZmeEMdUXrcqFLbYsPLsFA=="
    }
  }
}
